
Microsoft Visual Studio Solution File, Format Version 12.00
# Visual Studio Version 16
VisualStudioVersion = 16.0.29709.97
MinimumVisualStudioVersion = 10.0.40219.1
Project("{FAE04EC0-301F-11D3-BF4B-00C04F79EFBC}") = "AddressBookTests", "FirstUnitTest\AddressBookTests.csproj", "{094C58B3-9A83-43A3-A5A2-E9A4E5CB1FE6}"
EndProject
Project("{FAE04EC0-301F-11D3-BF4B-00C04F79EFBC}") = "Generator", "Generator\Generator.csproj", "{EA9B4A8F-06C3-4658-A93B-3445F3F19C30}"
EndProject
Global
	GlobalSection(SolutionConfigurationPlatforms) = preSolution
		Debug|Any CPU = Debug|Any CPU
		Release|Any CPU = Release|Any CPU
	EndGlobalSection
	GlobalSection(ProjectConfigurationPlatforms) = postSolution
		{094C58B3-9A83-43A3-A5A2-E9A4E5CB1FE6}.Debug|Any CPU.ActiveCfg = Debug|Any CPU
		{094C58B3-9A83-43A3-A5A2-E9A4E5CB1FE6}.Debug|Any CPU.Build.0 = Debug|Any CPU
		{094C58B3-9A83-43A3-A5A2-E9A4E5CB1FE6}.Release|Any CPU.ActiveCfg = Release|Any CPU
		{094C58B3-9A83-43A3-A5A2-E9A4E5CB1FE6}.Release|Any CPU.Build.0 = Release|Any CPU
		{EA9B4A8F-06C3-4658-A93B-3445F3F19C30}.Debug|Any CPU.ActiveCfg = Debug|Any CPU
		{EA9B4A8F-06C3-4658-A93B-3445F3F19C30}.Debug|Any CPU.Build.0 = Debug|Any CPU
		{EA9B4A8F-06C3-4658-A93B-3445F3F19C30}.Release|Any CPU.ActiveCfg = Release|Any CPU
		{EA9B4A8F-06C3-4658-A93B-3445F3F19C30}.Release|Any CPU.Build.0 = Release|Any CPU
	EndGlobalSection
	GlobalSection(SolutionProperties) = preSolution
		HideSolutionNode = FALSE
	EndGlobalSection
	GlobalSection(ExtensibilityGlobals) = postSolution
		SolutionGuid = {EDE433C9-8742-4107-83A0-005B7361DEA3}
	EndGlobalSection
EndGlobal
